
Microsoft Visual Studio Solution File, Format Version 12.00
# Visual Studio Version 16
VisualStudioVersion = 16.0.28803.452
MinimumVisualStudioVersion = 10.0.40219.1
Project("{FAE04EC0-301F-11D3-BF4B-00C04F79EFBC}") = "EmployeeManagement", "EmployeeManagement\EmployeeManagement.csproj", "{B1C63F17-00CF-4C79-BFE9-B47BB93BC090}"
EndProject
Project("{FAE04EC0-301F-11D3-BF4B-00C04F79EFBC}") = "DataAccessLayer", "DataAccessLayer\DataAccessLayer.csproj", "{5C24C887-0032-492F-B7A0-CF4CBFDAE86E}"
EndProject
Global
	GlobalSection(SolutionConfigurationPlatforms) = preSolution
		Debug|Any CPU = Debug|Any CPU
		Release|Any CPU = Release|Any CPU
	EndGlobalSection
	GlobalSection(ProjectConfigurationPlatforms) = postSolution
		{B1C63F17-00CF-4C79-BFE9-B47BB93BC090}.Debug|Any CPU.ActiveCfg = Debug|Any CPU
		{B1C63F17-00CF-4C79-BFE9-B47BB93BC090}.Debug|Any CPU.Build.0 = Debug|Any CPU
		{B1C63F17-00CF-4C79-BFE9-B47BB93BC090}.Release|Any CPU.ActiveCfg = Release|Any CPU
		{B1C63F17-00CF-4C79-BFE9-B47BB93BC090}.Release|Any CPU.Build.0 = Release|Any CPU
		{5C24C887-0032-492F-B7A0-CF4CBFDAE86E}.Debug|Any CPU.ActiveCfg = Debug|Any CPU
		{5C24C887-0032-492F-B7A0-CF4CBFDAE86E}.Debug|Any CPU.Build.0 = Debug|Any CPU
		{5C24C887-0032-492F-B7A0-CF4CBFDAE86E}.Release|Any CPU.ActiveCfg = Release|Any CPU
		{5C24C887-0032-492F-B7A0-CF4CBFDAE86E}.Release|Any CPU.Build.0 = Release|Any CPU
	EndGlobalSection
	GlobalSection(SolutionProperties) = preSolution
		HideSolutionNode = FALSE
	EndGlobalSection
	GlobalSection(ExtensibilityGlobals) = postSolution
		SolutionGuid = {DEA1A8D9-D472-4589-98B0-0555DE086107}
	EndGlobalSection
EndGlobal
